PODS:
  - Flutter (1.0.0)
  - integration_test (0.0.1):
    - Flutter
  - sage_flutter_binding (0.1.0):
    - Flutter

DEPENDENCIES:
  - Flutter (from `Flutter`)
  - integration_test (from `.symlinks/plugins/integration_test/ios`)
  - sage_flutter_binding (from `.symlinks/plugins/sage_flutter_binding/ios`)

EXTERNAL SOURCES:
  Flutter:
    :path: Flutter
  integration_test:
    :path: ".symlinks/plugins/integration_test/ios"
  sage_flutter_binding:
    :path: ".symlinks/plugins/sage_flutter_binding/ios"

SPEC CHECKSUMS:
  Flutter: cabc95a1d2626b1b06e7179b784ebcf0c0cde467
  integration_test: 252f60fa39af5e17c3aa9899d35d908a0721b573
  sage_flutter_binding: 3593103381233d2916212c094243bfb3619add2d

PODFILE CHECKSUM: 3c63482e143d1b91d2d2560aee9fb04ecc74ac7e

COCOAPODS: 1.16.2
